
Microsoft Visual Studio Solution File, Format Version 12.00
# Visual Studio Version 17
VisualStudioVersion = 17.12.35707.178
MinimumVisualStudioVersion = 10.0.40219.1
Project("{FAE04EC0-301F-11D3-BF4B-00C04F79EFBC}") = "01_Array1", "01_Array1\01_Array1.csproj", "{0C208E1B-5057-4796-8339-779F1247A2F6}"
EndProject
Project("{FAE04EC0-301F-11D3-BF4B-00C04F79EFBC}") = "02_Array2LacoFOR", "02_Array2LacoFOR\02_Array2LacoFOR.csproj", "{8802D0F0-ACB6-45F5-8F1F-9F4B08DF114F}"
EndProject
Project("{FAE04EC0-301F-11D3-BF4B-00C04F79EFBC}") = "03_Array3LacoFOREACH", "03_Array3\03_Array3LacoFOREACH.csproj", "{44379D39-F487-48C1-890D-965DECE03B4B}"
EndProject
Project("{FAE04EC0-301F-11D3-BF4B-00C04F79EFBC}") = "04_ClasseArray", "04_ClasseArray\04_ClasseArray.csproj", "{A70FDCE1-796E-47BD-B61C-CDC73285DE69}"
EndProject
Project("{FAE04EC0-301F-11D3-BF4B-00C04F79EFBC}") = "05_Exercicio1", "05_Exercicio\05_Exercicio1.csproj", "{7D549EA5-ADE7-4779-B125-522F55DECBDA}"
EndProject
Project("{FAE04EC0-301F-11D3-BF4B-00C04F79EFBC}") = "06_ModificadorParams", "06_ModificadorParams\06_ModificadorParams.csproj", "{060781AD-3FA8-40E3-A577-3F696AA6FCDE}"
EndProject
Project("{FAE04EC0-301F-11D3-BF4B-00C04F79EFBC}") = "07_ArraysMultidimensionais", "07_ArraysMultidimensionais\07_ArraysMultidimensionais.csproj", "{DFEC9FC9-8CC6-4800-B6D0-1E09DE093694}"
EndProject
Project("{FAE04EC0-301F-11D3-BF4B-00C04F79EFBC}") = "08_ArrayMultidimensionalFOR", "08_ArrayMultidimensionalFOR\08_ArrayMultidimensionalFOR.csproj", "{EDA98F23-60D8-4F62-96AE-C61A8B57B319}"
EndProject
Project("{FAE04EC0-301F-11D3-BF4B-00C04F79EFBC}") = "09_Exercicio2", "09_Exercicio2\09_Exercicio2.csproj", "{177C9DBB-931F-4C95-812A-700A2DC6EC60}"
EndProject
Project("{FAE04EC0-301F-11D3-BF4B-00C04F79EFBC}") = "10_ArrayList", "10_ArrayList\10_ArrayList.csproj", "{34E40EE8-118F-4D88-AC97-8D0713946C35}"
EndProject
Project("{FAE04EC0-301F-11D3-BF4B-00C04F79EFBC}") = "11_ArrayList2", "11_ArrayList2\11_ArrayList2.csproj", "{15DA3893-9CA2-4318-ABAF-795A54C8DAB9}"
EndProject
Project("{FAE04EC0-301F-11D3-BF4B-00C04F79EFBC}") = "12_ArrayList3", "12_ArrayList3\12_ArrayList3.csproj", "{45AF30DF-0C8D-4363-A4E4-3FA59F67DB01}"
EndProject
Project("{FAE04EC0-301F-11D3-BF4B-00C04F79EFBC}") = "13_ArrayList4", "13_ArrayList4\13_ArrayList4.csproj", "{8BF3DFF9-1DDA-496E-BC39-85C69305C271}"
EndProject
Project("{FAE04EC0-301F-11D3-BF4B-00C04F79EFBC}") = "14_List", "14_List\14_List.csproj", "{A220C63A-F901-46FD-B637-38EC89493F7A}"
EndProject
Project("{FAE04EC0-301F-11D3-BF4B-00C04F79EFBC}") = "15_List2", "15_List2\15_List2.csproj", "{347CD89E-4450-40A6-9B5D-1CF8BA30D37E}"
EndProject
Project("{FAE04EC0-301F-11D3-BF4B-00C04F79EFBC}") = "16_List3", "16_List3\16_List3.csproj", "{61FF9659-9469-4E91-BD73-26482CCB2146}"
EndProject
Project("{FAE04EC0-301F-11D3-BF4B-00C04F79EFBC}") = "17_List4", "17_List4\17_List4.csproj", "{B5580158-61FC-4A46-A763-3FE210A754D8}"
EndProject
Project("{FAE04EC0-301F-11D3-BF4B-00C04F79EFBC}") = "18_ListTIEnumerable", "18_ListTIEnurable\18_ListTIEnumerable.csproj", "{44C693BD-F867-4403-8758-5BC2C99F9B5B}"
EndProject
Project("{FAE04EC0-301F-11D3-BF4B-00C04F79EFBC}") = "19_ExercicioList", "19_ExercicioList\19_ExercicioList.csproj", "{98942526-5776-42DD-9B8A-065A534F1039}"
EndProject
Project("{FAE04EC0-301F-11D3-BF4B-00C04F79EFBC}") = "20_Indexers", "20_Indexers\20_Indexers.csproj", "{91F420C5-743D-40B0-BCBD-9690ED275816}"
EndProject
Project("{FAE04EC0-301F-11D3-BF4B-00C04F79EFBC}") = "21_ClasseRandom", "21_ClasseRandom\21_ClasseRandom.csproj", "{34101AF3-035F-4315-B9AE-8E925C24C238}"
EndProject
Global
	GlobalSection(SolutionConfigurationPlatforms) = preSolution
		Debug|Any CPU = Debug|Any CPU
		Release|Any CPU = Release|Any CPU
	EndGlobalSection
	GlobalSection(ProjectConfigurationPlatforms) = postSolution
		{0C208E1B-5057-4796-8339-779F1247A2F6}.Debug|Any CPU.ActiveCfg = Debug|Any CPU
		{0C208E1B-5057-4796-8339-779F1247A2F6}.Debug|Any CPU.Build.0 = Debug|Any CPU
		{0C208E1B-5057-4796-8339-779F1247A2F6}.Release|Any CPU.ActiveCfg = Release|Any CPU
		{0C208E1B-5057-4796-8339-779F1247A2F6}.Release|Any CPU.Build.0 = Release|Any CPU
		{8802D0F0-ACB6-45F5-8F1F-9F4B08DF114F}.Debug|Any CPU.ActiveCfg = Debug|Any CPU
		{8802D0F0-ACB6-45F5-8F1F-9F4B08DF114F}.Debug|Any CPU.Build.0 = Debug|Any CPU
		{8802D0F0-ACB6-45F5-8F1F-9F4B08DF114F}.Release|Any CPU.ActiveCfg = Release|Any CPU
		{8802D0F0-ACB6-45F5-8F1F-9F4B08DF114F}.Release|Any CPU.Build.0 = Release|Any CPU
		{44379D39-F487-48C1-890D-965DECE03B4B}.Debug|Any CPU.ActiveCfg = Debug|Any CPU
		{44379D39-F487-48C1-890D-965DECE03B4B}.Debug|Any CPU.Build.0 = Debug|Any CPU
		{44379D39-F487-48C1-890D-965DECE03B4B}.Release|Any CPU.ActiveCfg = Release|Any CPU
		{44379D39-F487-48C1-890D-965DECE03B4B}.Release|Any CPU.Build.0 = Release|Any CPU
		{A70FDCE1-796E-47BD-B61C-CDC73285DE69}.Debug|Any CPU.ActiveCfg = Debug|Any CPU
		{A70FDCE1-796E-47BD-B61C-CDC73285DE69}.Debug|Any CPU.Build.0 = Debug|Any CPU
		{A70FDCE1-796E-47BD-B61C-CDC73285DE69}.Release|Any CPU.ActiveCfg = Release|Any CPU
		{A70FDCE1-796E-47BD-B61C-CDC73285DE69}.Release|Any CPU.Build.0 = Release|Any CPU
		{7D549EA5-ADE7-4779-B125-522F55DECBDA}.Debug|Any CPU.ActiveCfg = Debug|Any CPU
		{7D549EA5-ADE7-4779-B125-522F55DECBDA}.Debug|Any CPU.Build.0 = Debug|Any CPU
		{7D549EA5-ADE7-4779-B125-522F55DECBDA}.Release|Any CPU.ActiveCfg = Release|Any CPU
		{7D549EA5-ADE7-4779-B125-522F55DECBDA}.Release|Any CPU.Build.0 = Release|Any CPU
		{060781AD-3FA8-40E3-A577-3F696AA6FCDE}.Debug|Any CPU.ActiveCfg = Debug|Any CPU
		{060781AD-3FA8-40E3-A577-3F696AA6FCDE}.Debug|Any CPU.Build.0 = Debug|Any CPU
		{060781AD-3FA8-40E3-A577-3F696AA6FCDE}.Release|Any CPU.ActiveCfg = Release|Any CPU
		{060781AD-3FA8-40E3-A577-3F696AA6FCDE}.Release|Any CPU.Build.0 = Release|Any CPU
		{DFEC9FC9-8CC6-4800-B6D0-1E09DE093694}.Debug|Any CPU.ActiveCfg = Debug|Any CPU
		{DFEC9FC9-8CC6-4800-B6D0-1E09DE093694}.Debug|Any CPU.Build.0 = Debug|Any CPU
		{DFEC9FC9-8CC6-4800-B6D0-1E09DE093694}.Release|Any CPU.ActiveCfg = Release|Any CPU
		{DFEC9FC9-8CC6-4800-B6D0-1E09DE093694}.Release|Any CPU.Build.0 = Release|Any CPU
		{EDA98F23-60D8-4F62-96AE-C61A8B57B319}.Debug|Any CPU.ActiveCfg = Debug|Any CPU
		{EDA98F23-60D8-4F62-96AE-C61A8B57B319}.Debug|Any CPU.Build.0 = Debug|Any CPU
		{EDA98F23-60D8-4F62-96AE-C61A8B57B319}.Release|Any CPU.ActiveCfg = Release|Any CPU
		{EDA98F23-60D8-4F62-96AE-C61A8B57B319}.Release|Any CPU.Build.0 = Release|Any CPU
		{177C9DBB-931F-4C95-812A-700A2DC6EC60}.Debug|Any CPU.ActiveCfg = Debug|Any CPU
		{177C9DBB-931F-4C95-812A-700A2DC6EC60}.Debug|Any CPU.Build.0 = Debug|Any CPU
		{177C9DBB-931F-4C95-812A-700A2DC6EC60}.Release|Any CPU.ActiveCfg = Release|Any CPU
		{177C9DBB-931F-4C95-812A-700A2DC6EC60}.Release|Any CPU.Build.0 = Release|Any CPU
		{34E40EE8-118F-4D88-AC97-8D0713946C35}.Debug|Any CPU.ActiveCfg = Debug|Any CPU
		{34E40EE8-118F-4D88-AC97-8D0713946C35}.Debug|Any CPU.Build.0 = Debug|Any CPU
		{34E40EE8-118F-4D88-AC97-8D0713946C35}.Release|Any CPU.ActiveCfg = Release|Any CPU
		{34E40EE8-118F-4D88-AC97-8D0713946C35}.Release|Any CPU.Build.0 = Release|Any CPU
		{15DA3893-9CA2-4318-ABAF-795A54C8DAB9}.Debug|Any CPU.ActiveCfg = Debug|Any CPU
		{15DA3893-9CA2-4318-ABAF-795A54C8DAB9}.Debug|Any CPU.Build.0 = Debug|Any CPU
		{15DA3893-9CA2-4318-ABAF-795A54C8DAB9}.Release|Any CPU.ActiveCfg = Release|Any CPU
		{15DA3893-9CA2-4318-ABAF-795A54C8DAB9}.Release|Any CPU.Build.0 = Release|Any CPU
		{45AF30DF-0C8D-4363-A4E4-3FA59F67DB01}.Debug|Any CPU.ActiveCfg = Debug|Any CPU
		{45AF30DF-0C8D-4363-A4E4-3FA59F67DB01}.Debug|Any CPU.Build.0 = Debug|Any CPU
		{45AF30DF-0C8D-4363-A4E4-3FA59F67DB01}.Release|Any CPU.ActiveCfg = Release|Any CPU
		{45AF30DF-0C8D-4363-A4E4-3FA59F67DB01}.Release|Any CPU.Build.0 = Release|Any CPU
		{8BF3DFF9-1DDA-496E-BC39-85C69305C271}.Debug|Any CPU.ActiveCfg = Debug|Any CPU
		{8BF3DFF9-1DDA-496E-BC39-85C69305C271}.Debug|Any CPU.Build.0 = Debug|Any CPU
		{8BF3DFF9-1DDA-496E-BC39-85C69305C271}.Release|Any CPU.ActiveCfg = Release|Any CPU
		{8BF3DFF9-1DDA-496E-BC39-85C69305C271}.Release|Any CPU.Build.0 = Release|Any CPU
		{A220C63A-F901-46FD-B637-38EC89493F7A}.Debug|Any CPU.ActiveCfg = Debug|Any CPU
		{A220C63A-F901-46FD-B637-38EC89493F7A}.Debug|Any CPU.Build.0 = Debug|Any CPU
		{A220C63A-F901-46FD-B637-38EC89493F7A}.Release|Any CPU.ActiveCfg = Release|Any CPU
		{A220C63A-F901-46FD-B637-38EC89493F7A}.Release|Any CPU.Build.0 = Release|Any CPU
		{347CD89E-4450-40A6-9B5D-1CF8BA30D37E}.Debug|Any CPU.ActiveCfg = Debug|Any CPU
		{347CD89E-4450-40A6-9B5D-1CF8BA30D37E}.Debug|Any CPU.Build.0 = Debug|Any CPU
		{347CD89E-4450-40A6-9B5D-1CF8BA30D37E}.Release|Any CPU.ActiveCfg = Release|Any CPU
		{347CD89E-4450-40A6-9B5D-1CF8BA30D37E}.Release|Any CPU.Build.0 = Release|Any CPU
		{61FF9659-9469-4E91-BD73-26482CCB2146}.Debug|Any CPU.ActiveCfg = Debug|Any CPU
		{61FF9659-9469-4E91-BD73-26482CCB2146}.Debug|Any CPU.Build.0 = Debug|Any CPU
		{61FF9659-9469-4E91-BD73-26482CCB2146}.Release|Any CPU.ActiveCfg = Release|Any CPU
		{61FF9659-9469-4E91-BD73-26482CCB2146}.Release|Any CPU.Build.0 = Release|Any CPU
		{B5580158-61FC-4A46-A763-3FE210A754D8}.Debug|Any CPU.ActiveCfg = Debug|Any CPU
		{B5580158-61FC-4A46-A763-3FE210A754D8}.Debug|Any CPU.Build.0 = Debug|Any CPU
		{B5580158-61FC-4A46-A763-3FE210A754D8}.Release|Any CPU.ActiveCfg = Release|Any CPU
		{B5580158-61FC-4A46-A763-3FE210A754D8}.Release|Any CPU.Build.0 = Release|Any CPU
		{44C693BD-F867-4403-8758-5BC2C99F9B5B}.Debug|Any CPU.ActiveCfg = Debug|Any CPU
		{44C693BD-F867-4403-8758-5BC2C99F9B5B}.Debug|Any CPU.Build.0 = Debug|Any CPU
		{44C693BD-F867-4403-8758-5BC2C99F9B5B}.Release|Any CPU.ActiveCfg = Release|Any CPU
		{44C693BD-F867-4403-8758-5BC2C99F9B5B}.Release|Any CPU.Build.0 = Release|Any CPU
		{98942526-5776-42DD-9B8A-065A534F1039}.Debug|Any CPU.ActiveCfg = Debug|Any CPU
		{98942526-5776-42DD-9B8A-065A534F1039}.Debug|Any CPU.Build.0 = Debug|Any CPU
		{98942526-5776-42DD-9B8A-065A534F1039}.Release|Any CPU.ActiveCfg = Release|Any CPU
		{98942526-5776-42DD-9B8A-065A534F1039}.Release|Any CPU.Build.0 = Release|Any CPU
		{91F420C5-743D-40B0-BCBD-9690ED275816}.Debug|Any CPU.ActiveCfg = Debug|Any CPU
		{91F420C5-743D-40B0-BCBD-9690ED275816}.Debug|Any CPU.Build.0 = Debug|Any CPU
		{91F420C5-743D-40B0-BCBD-9690ED275816}.Release|Any CPU.ActiveCfg = Release|Any CPU
		{91F420C5-743D-40B0-BCBD-9690ED275816}.Release|Any CPU.Build.0 = Release|Any CPU
		{34101AF3-035F-4315-B9AE-8E925C24C238}.Debug|Any CPU.ActiveCfg = Debug|Any CPU
		{34101AF3-035F-4315-B9AE-8E925C24C238}.Debug|Any CPU.Build.0 = Debug|Any CPU
		{34101AF3-035F-4315-B9AE-8E925C24C238}.Release|Any CPU.ActiveCfg = Release|Any CPU
		{34101AF3-035F-4315-B9AE-8E925C24C238}.Release|Any CPU.Build.0 = Release|Any CPU
	EndGlobalSection
	GlobalSection(SolutionProperties) = preSolution
		HideSolutionNode = FALSE
	EndGlobalSection
EndGlobal
